// !$*UTF8*$!
{
	archiveVersion = 1;
	classes = {
	};
	objectVersion = 50;
	objects = {

/* Begin PBXBuildFile section */
		CD0343552475BBF50007D3BB /* AppDelegate.swift in Sources */ = {isa = PBXBuildFile; fileRef = CD0343542475BBF50007D3BB /* AppDelegate.swift */; };
		CD0343572475BBF50007D3BB /* SceneDelegate.swift in Sources */ = {isa = PBXBuildFile; fileRef = CD0343562475BBF50007D3BB /* SceneDelegate.swift */; };
		CD0343592475BBF50007D3BB /* ContentView.swift in Sources */ = {isa = PBXBuildFile; fileRef = CD0343582475BBF50007D3BB /* ContentView.swift */; };
		CD03435B2475BBF80007D3BB /* Assets.xcassets in Resources */ = {isa = PBXBuildFile; fileRef = CD03435A2475BBF80007D3BB /* Assets.xcassets */; };
		CD03435E2475BBF80007D3BB /* Preview Assets.xcassets in Resources */ = {isa = PBXBuildFile; fileRef = CD03435D2475BBF80007D3BB /* Preview Assets.xcassets */; };
		CD0343612475BBF80007D3BB /* LaunchScreen.storyboard in Resources */ = {isa = PBXBuildFile; fileRef = CD03435F2475BBF80007D3BB /* LaunchScreen.storyboard */; };
		CD03436B2475C4010007D3BB /* MemeEditorViewController.swift in Sources */ = {isa = PBXBuildFile; fileRef = CD03436A2475C4010007D3BB /* MemeEditorViewController.swift */; };
		CD58A1072479C0D100832C50 /* ImagePicker.swift in Sources */ = {isa = PBXBuildFile; fileRef = CD58A1062479C0D100832C50 /* ImagePicker.swift */; };
		CD58A1092479DA8700832C50 /* Meme.swift in Sources */ = {isa = PBXBuildFile; fileRef = CD58A1082479DA8700832C50 /* Meme.swift */; };
		CD70EFA224F0986B007D1550 /* MainViewController.swift in Sources */ = {isa = PBXBuildFile; fileRef = CD70EFA124F0986B007D1550 /* MainViewController.swift */; };
		CD70EFA424F09C60007D1550 /* SentMemesTableViewController.swift in Sources */ = {isa = PBXBuildFile; fileRef = CD70EFA324F09C60007D1550 /* SentMemesTableViewController.swift */; };
		CD70EFA724F2DF8E007D1550 /* Impact.ttf in Resources */ = {isa = PBXBuildFile; fileRef = CD70EFA624F2DF8E007D1550 /* Impact.ttf */; };
		CD70EFA924F2F550007D1550 /* MemeDetailViewController.swift in Sources */ = {isa = PBXBuildFile; fileRef = CD70EFA824F2F550007D1550 /* MemeDetailViewController.swift */; };
		CD71CF3924BF196C0008EFD3 /* SentMemesCollectionViewController.swift in Sources */ = {isa = PBXBuildFile; fileRef = CD71CF3824BF196C0008EFD3 /* SentMemesCollectionViewController.swift */; };
		CDCE026824F5122A00BDF195 /* Extensions.swift in Sources */ = {isa = PBXBuildFile; fileRef = CDCE026724F5122A00BDF195 /* Extensions.swift */; };
/* End PBXBuildFile section */

/* Begin PBXFileReference section */
		CD0343512475BBF50007D3BB /* MemeMe.app */ = {isa = PBXFileReference; explicitFileType = wrapper.application; includeInIndex = 0; path = MemeMe.app; sourceTree = BUILT_PRODUCTS_DIR; };
		CD0343542475BBF50007D3BB /* AppDelegate.swift */ = {isa = PBXFileReference; lastKnownFileType = sourcecode.swift; path = AppDelegate.swift; sourceTree = "<group>"; };
		CD0343562475BBF50007D3BB /* SceneDelegate.swift */ = {isa = PBXFileReference; lastKnownFileType = sourcecode.swift; path = SceneDelegate.swift; sourceTree = "<group>"; };
		CD0343582475BBF50007D3BB /* ContentView.swift */ = {isa = PBXFileReference; lastKnownFileType = sourcecode.swift; path = ContentView.swift; sourceTree = "<group>"; };
		CD03435A2475BBF80007D3BB /* Assets.xcassets */ = {isa = PBXFileReference; lastKnownFileType = folder.assetcatalog; path = Assets.xcassets; sourceTree = "<group>"; };
		CD03435D2475BBF80007D3BB /* Preview Assets.xcassets */ = {isa = PBXFileReference; lastKnownFileType = folder.assetcatalog; path = "Preview Assets.xcassets"; sourceTree = "<group>"; };
		CD0343602475BBF80007D3BB /* Base */ = {isa = PBXFileReference; lastKnownFileType = file.storyboard; name = Base; path = Base.lproj/LaunchScreen.storyboard; sourceTree = "<group>"; };
		CD0343622475BBF90007D3BB /* Info.plist */ = {isa = PBXFileReference; lastKnownFileType = text.plist.xml; path = Info.plist; sourceTree = "<group>"; };
		CD03436A2475C4010007D3BB /* MemeEditorViewController.swift */ = {isa = PBXFileReference; lastKnownFileType = sourcecode.swift; path = MemeEditorViewController.swift; sourceTree = "<group>"; };
		CD58A1062479C0D100832C50 /* ImagePicker.swift */ = {isa = PBXFileReference; lastKnownFileType = sourcecode.swift; path = ImagePicker.swift; sourceTree = "<group>"; };
		CD58A1082479DA8700832C50 /* Meme.swift */ = {isa = PBXFileReference; lastKnownFileType = sourcecode.swift; path = Meme.swift; sourceTree = "<group>"; };
		CD70EFA124F0986B007D1550 /* MainViewController.swift */ = {isa = PBXFileReference; lastKnownFileType = sourcecode.swift; path = MainViewController.swift; sourceTree = "<group>"; };
		CD70EFA324F09C60007D1550 /* SentMemesTableViewController.swift */ = {isa = PBXFileReference; lastKnownFileType = sourcecode.swift; path = SentMemesTableViewController.swift; sourceTree = "<group>"; };
		CD70EFA624F2DF8E007D1550 /* Impact.ttf */ = {isa = PBXFileReference; lastKnownFileType = file; path = Impact.ttf; sourceTree = "<group>"; };
		CD70EFA824F2F550007D1550 /* MemeDetailViewController.swift */ = {isa = PBXFileReference; lastKnownFileType = sourcecode.swift; path = MemeDetailViewController.swift; sourceTree = "<group>"; };
		CD71CF3824BF196C0008EFD3 /* SentMemesCollectionViewController.swift */ = {isa = PBXFileReference; lastKnownFileType = sourcecode.swift; path = SentMemesCollectionViewController.swift; sourceTree = "<group>"; };
		CDCE026724F5122A00BDF195 /* Extensions.swift */ = {isa = PBXFileReference; lastKnownFileType = sourcecode.swift; path = Extensions.swift; sourceTree = "<group>"; };
/* End PBXFileReference section */

/* Begin PBXFrameworksBuildPhase section */
		CD03434E2475BBF50007D3BB /* Frameworks */ = {
			isa = PBXFrameworksBuildPhase;
			buildActionMask = 2147483647;
			files = (
			);
			runOnlyForDeploymentPostprocessing = 0;
		};
/* End PBXFrameworksBuildPhase section */

/* Begin PBXGroup section */
		CD0343482475BBF50007D3BB = {
			isa = PBXGroup;
			children = (
				CD0343532475BBF50007D3BB /* MemeMe */,
				CD0343522475BBF50007D3BB /* Products */,
			);
			sourceTree = "<group>";
		};
		CD0343522475BBF50007D3BB /* Products */ = {
			isa = PBXGroup;
			children = (
				CD0343512475BBF50007D3BB /* MemeMe.app */,
			);
			name = Products;
			sourceTree = "<group>";
		};
		CD0343532475BBF50007D3BB /* MemeMe */ = {
			isa = PBXGroup;
			children = (
				CD0343542475BBF50007D3BB /* AppDelegate.swift */,
				CD0343562475BBF50007D3BB /* SceneDelegate.swift */,
				CD70EFA124F0986B007D1550 /* MainViewController.swift */,
				CD0343582475BBF50007D3BB /* ContentView.swift */,
				CD03436A2475C4010007D3BB /* MemeEditorViewController.swift */,
				CD70EFA324F09C60007D1550 /* SentMemesTableViewController.swift */,
				CD71CF3824BF196C0008EFD3 /* SentMemesCollectionViewController.swift */,
				CD70EFA824F2F550007D1550 /* MemeDetailViewController.swift */,
				CD58A1082479DA8700832C50 /* Meme.swift */,
				CD58A1062479C0D100832C50 /* ImagePicker.swift */,
				CDCE026724F5122A00BDF195 /* Extensions.swift */,
				CD03435A2475BBF80007D3BB /* Assets.xcassets */,
				CD03435F2475BBF80007D3BB /* LaunchScreen.storyboard */,
				CD0343622475BBF90007D3BB /* Info.plist */,
				CD70EFA524F2DF81007D1550 /* fonts */,
				CD03435C2475BBF80007D3BB /* Preview Content */,
			);
			path = MemeMe;
			sourceTree = "<group>";
		};
		CD03435C2475BBF80007D3BB /* Preview Content */ = {
			isa = PBXGroup;
			children = (
				CD03435D2475BBF80007D3BB /* Preview Assets.xcassets */,
			);
			path = "Preview Content";
			sourceTree = "<group>";
		};
		CD70EFA524F2DF81007D1550 /* fonts */ = {
			isa = PBXGroup;
			children = (
				CD70EFA624F2DF8E007D1550 /* Impact.ttf */,
			);
			path = fonts;
			sourceTree = "<group>";
		};
/* End PBXGroup section */

/* Begin PBXNativeTarget section */
		CD0343502475BBF50007D3BB /* MemeMe */ = {
			isa = PBXNativeTarget;
			buildConfigurationList = CD0343652475BBF90007D3BB /* Build configuration list for PBXNativeTarget "MemeMe" */;
			buildPhases = (
				CD03434D2475BBF50007D3BB /* Sources */,
				CD03434E2475BBF50007D3BB /* Frameworks */,
				CD03434F2475BBF50007D3BB /* Resources */,
			);
			buildRules = (
			);
			dependencies = (
			);
			name = MemeMe;
			productName = MemeMe;
			productReference = CD0343512475BBF50007D3BB /* MemeMe.app */;
			productType = "com.apple.product-type.application";
		};
/* End PBXNativeTarget section */

/* Begin PBXProject section */
		CD0343492475BBF50007D3BB /* Project object */ = {
			isa = PBXProject;
			attributes = {
				LastSwiftUpdateCheck = 1140;
				LastUpgradeCheck = 1200;
				ORGANIZATIONNAME = "Mohammed Tangestani";
				TargetAttributes = {
					CD0343502475BBF50007D3BB = {
						CreatedOnToolsVersion = 11.4.1;
					};
				};
			};
			buildConfigurationList = CD03434C2475BBF50007D3BB /* Build configuration list for PBXProject "MemeMe" */;
			compatibilityVersion = "Xcode 9.3";
			developmentRegion = en;
			hasScannedForEncodings = 0;
			knownRegions = (
				en,
				Base,
			);
			mainGroup = CD0343482475BBF50007D3BB;
			productRefGroup = CD0343522475BBF50007D3BB /* Products */;
			projectDirPath = "";
			projectRoot = "";
			targets = (
				CD0343502475BBF50007D3BB /* MemeMe */,
			);
		};
/* End PBXProject section */

/* Begin PBXResourcesBuildPhase section */
		CD03434F2475BBF50007D3BB /* Resources */ = {
			isa = PBXResourcesBuildPhase;
			buildActionMask = 2147483647;
			files = (
				CD0343612475BBF80007D3BB /* LaunchScreen.storyboard in Resources */,
				CD03435E2475BBF80007D3BB /* Preview Assets.xcassets in Resources */,
				CD03435B2475BBF80007D3BB /* Assets.xcassets in Resources */,
				CD70EFA724F2DF8E007D1550 /* Impact.ttf in Resources */,
			);
			runOnlyForDeploymentPostprocessing = 0;
		};
/* End PBXResourcesBuildPhase section */

/* Begin PBXSourcesBuildPhase section */
		CD03434D2475BBF50007D3BB /* Sources */ = {
			isa = PBXSourcesBuildPhase;
			buildActionMask = 2147483647;
			files = (
				CD0343552475BBF50007D3BB /* AppDelegate.swift in Sources */,
				CD58A1092479DA8700832C50 /* Meme.swift in Sources */,
				CD70EFA424F09C60007D1550 /* SentMemesTableViewController.swift in Sources */,
				CD0343572475BBF50007D3BB /* SceneDelegate.swift in Sources */,
				CD71CF3924BF196C0008EFD3 /* SentMemesCollectionViewController.swift in Sources */,
				CD58A1072479C0D100832C50 /* ImagePicker.swift in Sources */,
				CD70EFA224F0986B007D1550 /* MainViewController.swift in Sources */,
				CD0343592475BBF50007D3BB /* ContentView.swift in Sources */,
				CD03436B2475C4010007D3BB /* MemeEditorViewController.swift in Sources */,
				CDCE026824F5122A00BDF195 /* Extensions.swift in Sources */,
				CD70EFA924F2F550007D1550 /* MemeDetailViewController.swift in Sources */,
			);
			runOnlyForDeploymentPostprocessing = 0;
		};
/* End PBXSourcesBuildPhase section */

/* Begin PBXVariantGroup section */
		CD03435F2475BBF80007D3BB /* LaunchScreen.storyboard */ = {
			isa = PBXVariantGroup;
			children = (
				CD0343602475BBF80007D3BB /* Base */,
			);
			name = LaunchScreen.storyboard;
			sourceTree = "<group>";
		};
/* End PBXVariantGroup section */

/* Begin XCBuildConfiguration section */
		CD0343632475BBF90007D3BB /* Debug */ = {
			isa = XCBuildConfiguration;
			buildSettings = {
				ALWAYS_SEARCH_USER_PATHS = NO;
				CLANG_ANALYZER_NONNULL = YES;
				CLANG_ANALYZER_NUMBER_OBJECT_CONVERSION = YES_AGGRESSIVE;
				CLANG_CXX_LANGUAGE_STANDARD = "gnu++14";
				CLANG_CXX_LIBRARY = "libc++";
				CLANG_ENABLE_MODULES = YES;
				CLANG_ENABLE_OBJC_ARC = YES;
				CLANG_ENABLE_OBJC_WEAK = YES;
				CLANG_WARN_BLOCK_CAPTURE_AUTORELEASING = YES;
				CLANG_WARN_BOOL_CONVERSION = YES;
				CLANG_WARN_COMMA = YES;
				CLANG_WARN_CONSTANT_CONVERSION = YES;
				CLANG_WARN_DEPRECATED_OBJC_IMPLEMENTATIONS = YES;
				CLANG_WARN_DIRECT_OBJC_ISA_USAGE = YES_ERROR;
				CLANG_WARN_DOCUMENTATION_COMMENTS = YES;
				CLANG_WARN_EMPTY_BODY = YES;
				CLANG_WARN_ENUM_CONVERSION = YES;
				CLANG_WARN_INFINITE_RECURSION = YES;
				CLANG_WARN_INT_CONVERSION = YES;
				CLANG_WARN_NON_LITERAL_NULL_CONVERSION = YES;
				CLANG_WARN_OBJC_IMPLICIT_RETAIN_SELF = YES;
				CLANG_WARN_OBJC_LITERAL_CONVERSION = YES;
				CLANG_WARN_OBJC_ROOT_CLASS = YES_ERROR;
				CLANG_WARN_QUOTED_INCLUDE_IN_FRAMEWORK_HEADER = YES;
				CLANG_WARN_RANGE_LOOP_ANALYSIS = YES;
				CLANG_WARN_STRICT_PROTOTYPES = YES;
				CLANG_WARN_SUSPICIOUS_MOVE = YES;
				CLANG_WARN_UNGUARDED_AVAILABILITY = YES_AGGRESSIVE;
				CLANG_WARN_UNREACHABLE_CODE = YES;
				CLANG_WARN__DUPLICATE_METHOD_MATCH = YES;
				COPY_PHASE_STRIP = NO;
				DEBUG_INFORMATION_FORMAT = dwarf;
				ENABLE_STRICT_OBJC_MSGSEND = YES;
				ENABLE_TESTABILITY = YES;
				GCC_C_LANGUAGE_STANDARD = gnu11;
				GCC_DYNAMIC_NO_PIC = NO;
				GCC_NO_COMMON_BLOCKS = YES;
				GCC_OPTIMIZATION_LEVEL = 0;
				GCC_PREPROCESSOR_DEFINITIONS = (
					"DEBUG=1",
					"$(inherited)",
				);
				GCC_WARN_64_TO_32_BIT_CONVERSION = YES;
				GCC_WARN_ABOUT_RETURN_TYPE = YES_ERROR;
				GCC_WARN_UNDECLARED_SELECTOR = YES;
				GCC_WARN_UNINITIALIZED_AUTOS = YES_AGGRESSIVE;
				GCC_WARN_UNUSED_FUNCTION = YES;
				GCC_WARN_UNUSED_VARIABLE = YES;
				IPHONEOS_DEPLOYMENT_TARGET = 13.0;
				MTL_ENABLE_DEBUG_INFO = INCLUDE_SOURCE;
				MTL_FAST_MATH = YES;
				ONLY_ACTIVE_ARCH = YES;
				SDKROOT = iphoneos;
				SWIFT_ACTIVE_COMPILATION_CONDITIONS = DEBUG;
				SWIFT_OPTIMIZATION_LEVEL = "-Onone";
			};
			name = Debug;
		};
		CD0343642475BBF90007D3BB /* Release */ = {
			isa = XCBuildConfiguration;
			buildSettings = {
				ALWAYS_SEARCH_USER_PATHS = NO;
				CLANG_ANALYZER_NONNULL = YES;
				CLANG_ANALYZER_NUMBER_OBJECT_CONVERSION = YES_AGGRESSIVE;
				CLANG_CXX_LANGUAGE_STANDARD = "gnu++14";
				CLANG_CXX_LIBRARY = "libc++";
				CLANG_ENABLE_MODULES = YES;
				CLANG_ENABLE_OBJC_ARC = YES;
				CLANG_ENABLE_OBJC_WEAK = YES;
				CLANG_WARN_BLOCK_CAPTURE_AUTORELEASING = YES;
				CLANG_WARN_BOOL_CONVERSION = YES;
				CLANG_WARN_COMMA = YES;
				CLANG_WARN_CONSTANT_CONVERSION = YES;
				CLANG_WARN_DEPRECATED_OBJC_IMPLEMENTATIONS = YES;
				CLANG_WARN_DIRECT_OBJC_ISA_USAGE = YES_ERROR;
				CLANG_WARN_DOCUMENTATION_COMMENTS = YES;
				CLANG_WARN_EMPTY_BODY = YES;
				CLANG_WARN_ENUM_CONVERSION = YES;
				CLANG_WARN_INFINITE_RECURSION = YES;
				CLANG_WARN_INT_CONVERSION = YES;
				CLANG_WARN_NON_LITERAL_NULL_CONVERSION = YES;
				CLANG_WARN_OBJC_IMPLICIT_RETAIN_SELF = YES;
				CLANG_WARN_OBJC_LITERAL_CONVERSION = YES;
				CLANG_WARN_OBJC_ROOT_CLASS = YES_ERROR;
				CLANG_WARN_QUOTED_INCLUDE_IN_FRAMEWORK_HEADER = YES;
				CLANG_WARN_RANGE_LOOP_ANALYSIS = YES;
				CLANG_WARN_STRICT_PROTOTYPES = YES;
				CLANG_WARN_SUSPICIOUS_MOVE = YES;
				CLANG_WARN_UNGUARDED_AVAILABILITY = YES_AGGRESSIVE;
				CLANG_WARN_UNREACHABLE_CODE = YES;
				CLANG_WARN__DUPLICATE_METHOD_MATCH = YES;
				COPY_PHASE_STRIP = NO;
				DEBUG_INFORMATION_FORMAT = "dwarf-with-dsym";
				ENABLE_NS_ASSERTIONS = NO;
				ENABLE_STRICT_OBJC_MSGSEND = YES;
				GCC_C_LANGUAGE_STANDARD = gnu11;
				GCC_NO_COMMON_BLOCKS = YES;
				GCC_WARN_64_TO_32_BIT_CONVERSION = YES;
				GCC_WARN_ABOUT_RETURN_TYPE = YES_ERROR;
				GCC_WARN_UNDECLARED_SELECTOR = YES;
				GCC_WARN_UNINITIALIZED_AUTOS = YES_AGGRESSIVE;
				GCC_WARN_UNUSED_FUNCTION = YES;
				GCC_WARN_UNUSED_VARIABLE = YES;
				IPHONEOS_DEPLOYMENT_TARGET = 13.0;
				MTL_ENABLE_DEBUG_INFO = NO;
				MTL_FAST_MATH = YES;
				SDKROOT = iphoneos;
				SWIFT_COMPILATION_MODE = wholemodule;
				SWIFT_OPTIMIZATION_LEVEL = "-O";
				VALIDATE_PRODUCT = YES;
			};
			name = Release;
		};
		CD0343662475BBF90007D3BB /* Debug */ = {
			isa = XCBuildConfiguration;
			buildSettings = {
				ASSETCATALOG_COMPILER_APPICON_NAME = AppIcon;
				CODE_SIGN_STYLE = Automatic;
				DEVELOPMENT_ASSET_PATHS = "\"MemeMe/Preview Content\"";
				DEVELOPMENT_TEAM = 3S575TWZRP;
				ENABLE_PREVIEWS = YES;
				INFOPLIST_FILE = MemeMe/Info.plist;
				LD_RUNPATH_SEARCH_PATHS = (
					"$(inherited)",
					"@executable_path/Frameworks",
				);
				PRODUCT_BUNDLE_IDENTIFIER = com.tangestani.MemeMe;
				PRODUCT_NAME = "$(TARGET_NAME)";
				SWIFT_VERSION = 5.0;
				TARGETED_DEVICE_FAMILY = "1,2";
			};
			name = Debug;
		};
		CD0343672475BBF90007D3BB /* Release */ = {
			isa = XCBuildConfiguration;
			buildSettings = {
				ASSETCATALOG_COMPILER_APPICON_NAME = AppIcon;
				CODE_SIGN_STYLE = Automatic;
				DEVELOPMENT_ASSET_PATHS = "\"MemeMe/Preview Content\"";
				DEVELOPMENT_TEAM = 3S575TWZRP;
				ENABLE_PREVIEWS = YES;
				INFOPLIST_FILE = MemeMe/Info.plist;
				LD_RUNPATH_SEARCH_PATHS = (
					"$(inherited)",
					"@executable_path/Frameworks",
				);
				PRODUCT_BUNDLE_IDENTIFIER = com.tangestani.MemeMe;
				PRODUCT_NAME = "$(TARGET_NAME)";
				SWIFT_VERSION = 5.0;
				TARGETED_DEVICE_FAMILY = "1,2";
			};
			name = Release;
		};
/* End XCBuildConfiguration section */

/* Begin XCConfigurationList section */
		CD03434C2475BBF50007D3BB /* Build configuration list for PBXProject "MemeMe" */ = {
			isa = XCConfigurationList;
			buildConfigurations = (
				CD0343632475BBF90007D3BB /* Debug */,
				CD0343642475BBF90007D3BB /* Release */,
			);
			defaultConfigurationIsVisible = 0;
			defaultConfigurationName = Release;
		};
		CD0343652475BBF90007D3BB /* Build configuration list for PBXNativeTarget "MemeMe" */ = {
			isa = XCConfigurationList;
			buildConfigurations = (
				CD0343662475BBF90007D3BB /* Debug */,
				CD0343672475BBF90007D3BB /* Release */,
			);
			defaultConfigurationIsVisible = 0;
			defaultConfigurationName = Release;
		};
/* End XCConfigurationList section */
	};
	rootObject = CD0343492475BBF50007D3BB /* Project object */;
}
